
Microsoft Visual Studio Solution File, Format Version 12.00
# Visual Studio Version 17
VisualStudioVersion = 17.2.32602.215
MinimumVisualStudioVersion = 10.0.40219.1
Project("{FAE04EC0-301F-11D3-BF4B-00C04F79EFBC}") = "Test_ListBox", "Test_ListBox.csproj", "{58D98C12-AA2F-4CD1-AE46-240F34CA0562}"
EndProject
Global
	GlobalSection(SolutionConfigurationPlatforms) = preSolution
		Debug|Any CPU = Debug|Any CPU
		Release|Any CPU = Release|Any CPU
	EndGlobalSection
	GlobalSection(ProjectConfigurationPlatforms) = postSolution
		{58D98C12-AA2F-4CD1-AE46-240F34CA0562}.Debug|Any CPU.ActiveCfg = Debug|Any CPU
		{58D98C12-AA2F-4CD1-AE46-240F34CA0562}.Debug|Any CPU.Build.0 = Debug|Any CPU
		{58D98C12-AA2F-4CD1-AE46-240F34CA0562}.Release|Any CPU.ActiveCfg = Release|Any CPU
		{58D98C12-AA2F-4CD1-AE46-240F34CA0562}.Release|Any CPU.Build.0 = Release|Any CPU
	EndGlobalSection
	GlobalSection(SolutionProperties) = preSolution
		HideSolutionNode = FALSE
	EndGlobalSection
	GlobalSection(ExtensibilityGlobals) = postSolution
		SolutionGuid = {1DFCCCD8-0517-4D66-A26F-6C272832492D}
	EndGlobalSection
EndGlobal
