
Microsoft Visual Studio Solution File, Format Version 12.00
# Visual Studio Version 16
VisualStudioVersion = 16.0.30611.23
MinimumVisualStudioVersion = 10.0.40219.1
Project("{FAE04EC0-301F-11D3-BF4B-00C04F79EFBC}") = "Testprogram", "Testprogram\Testprogram.csproj", "{AAA51CC4-9D52-4BD7-8389-7D348D47E7C4}"
EndProject
Project("{FAE04EC0-301F-11D3-BF4B-00C04F79EFBC}") = "Test_App", "Test_App\Test_App.csproj", "{850B0EA5-1687-4DA1-8A7B-8081F62C605B}"
EndProject
Global
	GlobalSection(SolutionConfigurationPlatforms) = preSolution
		Debug|Any CPU = Debug|Any CPU
		Release|Any CPU = Release|Any CPU
	EndGlobalSection
	GlobalSection(ProjectConfigurationPlatforms) = postSolution
		{AAA51CC4-9D52-4BD7-8389-7D348D47E7C4}.Debug|Any CPU.ActiveCfg = Debug|Any CPU
		{AAA51CC4-9D52-4BD7-8389-7D348D47E7C4}.Debug|Any CPU.Build.0 = Debug|Any CPU
		{AAA51CC4-9D52-4BD7-8389-7D348D47E7C4}.Release|Any CPU.ActiveCfg = Release|Any CPU
		{AAA51CC4-9D52-4BD7-8389-7D348D47E7C4}.Release|Any CPU.Build.0 = Release|Any CPU
		{850B0EA5-1687-4DA1-8A7B-8081F62C605B}.Debug|Any CPU.ActiveCfg = Debug|Any CPU
		{850B0EA5-1687-4DA1-8A7B-8081F62C605B}.Debug|Any CPU.Build.0 = Debug|Any CPU
		{850B0EA5-1687-4DA1-8A7B-8081F62C605B}.Release|Any CPU.ActiveCfg = Release|Any CPU
		{850B0EA5-1687-4DA1-8A7B-8081F62C605B}.Release|Any CPU.Build.0 = Release|Any CPU
	EndGlobalSection
	GlobalSection(SolutionProperties) = preSolution
		HideSolutionNode = FALSE
	EndGlobalSection
	GlobalSection(ExtensibilityGlobals) = postSolution
		SolutionGuid = {E4DC1F7A-46AC-4CB7-895C-026EA7213727}
	EndGlobalSection
EndGlobal
