
Microsoft Visual Studio Solution File, Format Version 12.00
# Visual Studio Version 17
VisualStudioVersion = 17.2.32602.215
MinimumVisualStudioVersion = 10.0.40219.1
Project("{FAE04EC0-301F-11D3-BF4B-00C04F79EFBC}") = "TcpSocekt_Module", "TcpSocekt_Module.csproj", "{64904DA2-CAE4-440E-A921-D3DE3A86301D}"
EndProject
Global
	GlobalSection(SolutionConfigurationPlatforms) = preSolution
		Debug|Any CPU = Debug|Any CPU
		Release|Any CPU = Release|Any CPU
	EndGlobalSection
	GlobalSection(ProjectConfigurationPlatforms) = postSolution
		{64904DA2-CAE4-440E-A921-D3DE3A86301D}.Debug|Any CPU.ActiveCfg = Debug|Any CPU
		{64904DA2-CAE4-440E-A921-D3DE3A86301D}.Debug|Any CPU.Build.0 = Debug|Any CPU
		{64904DA2-CAE4-440E-A921-D3DE3A86301D}.Release|Any CPU.ActiveCfg = Release|Any CPU
		{64904DA2-CAE4-440E-A921-D3DE3A86301D}.Release|Any CPU.Build.0 = Release|Any CPU
	EndGlobalSection
	GlobalSection(SolutionProperties) = preSolution
		HideSolutionNode = FALSE
	EndGlobalSection
	GlobalSection(ExtensibilityGlobals) = postSolution
		SolutionGuid = {CC8A4DD6-680C-49C6-BAC6-0B1C976CD3B7}
	EndGlobalSection
EndGlobal
